
Microsoft Visual Studio Solution File, Format Version 12.00
# Visual Studio Version 17
VisualStudioVersion = 17.9.34728.123
MinimumVisualStudioVersion = 10.0.40219.1
Project("{FAE04EC0-301F-11D3-BF4B-00C04F79EFBC}") = "CreacionDeClase7-20-2024", "CreacionDeClase7-20-2024\CreacionDeClase7-20-2024.csproj", "{629D0EBD-A3E0-491D-B60D-14791C21B8BB}"
EndProject
Global
	GlobalSection(SolutionConfigurationPlatforms) = preSolution
		Debug|Any CPU = Debug|Any CPU
		Release|Any CPU = Release|Any CPU
	EndGlobalSection
	GlobalSection(ProjectConfigurationPlatforms) = postSolution
		{629D0EBD-A3E0-491D-B60D-14791C21B8BB}.Debug|Any CPU.ActiveCfg = Debug|Any CPU
		{629D0EBD-A3E0-491D-B60D-14791C21B8BB}.Debug|Any CPU.Build.0 = Debug|Any CPU
		{629D0EBD-A3E0-491D-B60D-14791C21B8BB}.Release|Any CPU.ActiveCfg = Release|Any CPU
		{629D0EBD-A3E0-491D-B60D-14791C21B8BB}.Release|Any CPU.Build.0 = Release|Any CPU
	EndGlobalSection
	GlobalSection(SolutionProperties) = preSolution
		HideSolutionNode = FALSE
	EndGlobalSection
	GlobalSection(ExtensibilityGlobals) = postSolution
		SolutionGuid = {BB1D3C17-1FBE-41AF-85FB-85D95B95FCEE}
	EndGlobalSection
EndGlobal
